# THIS IS AN AUTOGENERATED FILE. DO NOT EDIT THIS FILE DIRECTLY.
# yarn lockfile v1


"@nestjs/serve-static@^4.0.2":
  version "4.0.2"
  resolved "https://registry.yarnpkg.com/@nestjs/serve-static/-/serve-static-4.0.2.tgz#f003bbd90922bdc73d0261edacf001dfef174c96"
  integrity sha512-cT0vdWN5ar7jDI2NKbhf4LcwJzU4vS5sVpMkVrHuyLcltbrz6JdGi1TfIMMatP2pNiq5Ie/uUdPSFDVaZX/URQ==
  dependencies:
    path-to-regexp "0.2.5"

path-to-regexp@0.2.5:
  version "0.2.5"
  resolved "https://registry.yarnpkg.com/path-to-regexp/-/path-to-regexp-0.2.5.tgz#0b426991e387fc4c675de23557f358715eb66fb0"
  integrity sha512-l6qtdDPIkmAmzEO6egquYDfqQGPMRNGjYtrU13HAXb3YSRrt7HSb1sJY0pKp6o2bAa86tSB6iwaW2JbthPKr7Q==
